
Microsoft Visual Studio Solution File, Format Version 12.00
# Visual Studio Version 16
VisualStudioVersion = 16.0.31321.278
MinimumVisualStudioVersion = 10.0.40219.1
Project("{FAE04EC0-301F-11D3-BF4B-00C04F79EFBC}") = "App2.UWP", "App2\App2.UWP\App2.UWP.csproj", "{0F9C8CF6-2DE8-4239-973D-6A1DD3998684}"
EndProject
Project("{FAE04EC0-301F-11D3-BF4B-00C04F79EFBC}") = "App2.Android", "App2\App2.Android\App2.Android.csproj", "{28CF0F22-2A7D-4638-91FE-AE14D6CBC089}"
EndProject
Project("{FAE04EC0-301F-11D3-BF4B-00C04F79EFBC}") = "App2.iOS", "App2\App2.iOS\App2.iOS.csproj", "{093D4C2E-BE7C-4B4A-A77C-EB3AE105D794}"
EndProject
Project("{FAE04EC0-301F-11D3-BF4B-00C04F79EFBC}") = "App2", "App2\App2\App2.csproj", "{BBA10CCB-6E33-441C-8221-08BB03AB1E33}"
EndProject
Global
	GlobalSection(SolutionConfigurationPlatforms) = preSolution
		Debug|Any CPU = Debug|Any CPU
		Debug|ARM = Debug|ARM
		Debug|iPhone = Debug|iPhone
		Debug|iPhoneSimulator = Debug|iPhoneSimulator
		Debug|x64 = Debug|x64
		Debug|x86 = Debug|x86
		Release|Any CPU = Release|Any CPU
		Release|ARM = Release|ARM
		Release|iPhone = Release|iPhone
		Release|iPhoneSimulator = Release|iPhoneSimulator
		Release|x64 = Release|x64
		Release|x86 = Release|x86
	EndGlobalSection
	GlobalSection(ProjectConfigurationPlatforms) = postSolution
		{0F9C8CF6-2DE8-4239-973D-6A1DD3998684}.Debug|Any CPU.ActiveCfg = Debug|x86
		{0F9C8CF6-2DE8-4239-973D-6A1DD3998684}.Debug|Any CPU.Build.0 = Debug|x86
		{0F9C8CF6-2DE8-4239-973D-6A1DD3998684}.Debug|Any CPU.Deploy.0 = Debug|x86
		{0F9C8CF6-2DE8-4239-973D-6A1DD3998684}.Debug|ARM.ActiveCfg = Debug|ARM
		{0F9C8CF6-2DE8-4239-973D-6A1DD3998684}.Debug|ARM.Build.0 = Debug|ARM
		{0F9C8CF6-2DE8-4239-973D-6A1DD3998684}.Debug|ARM.Deploy.0 = Debug|ARM
		{0F9C8CF6-2DE8-4239-973D-6A1DD3998684}.Debug|iPhone.ActiveCfg = Debug|x86
		{0F9C8CF6-2DE8-4239-973D-6A1DD3998684}.Debug|iPhone.Build.0 = Debug|x86
		{0F9C8CF6-2DE8-4239-973D-6A1DD3998684}.Debug|iPhone.Deploy.0 = Debug|x86
		{0F9C8CF6-2DE8-4239-973D-6A1DD3998684}.Debug|iPhoneSimulator.ActiveCfg = Debug|x86
		{0F9C8CF6-2DE8-4239-973D-6A1DD3998684}.Debug|iPhoneSimulator.Build.0 = Debug|x86
		{0F9C8CF6-2DE8-4239-973D-6A1DD3998684}.Debug|iPhoneSimulator.Deploy.0 = Debug|x86
		{0F9C8CF6-2DE8-4239-973D-6A1DD3998684}.Debug|x64.ActiveCfg = Debug|x64
		{0F9C8CF6-2DE8-4239-973D-6A1DD3998684}.Debug|x64.Build.0 = Debug|x64
		{0F9C8CF6-2DE8-4239-973D-6A1DD3998684}.Debug|x64.Deploy.0 = Debug|x64
		{0F9C8CF6-2DE8-4239-973D-6A1DD3998684}.Debug|x86.ActiveCfg = Debug|x86
		{0F9C8CF6-2DE8-4239-973D-6A1DD3998684}.Debug|x86.Build.0 = Debug|x86
		{0F9C8CF6-2DE8-4239-973D-6A1DD3998684}.Debug|x86.Deploy.0 = Debug|x86
		{0F9C8CF6-2DE8-4239-973D-6A1DD3998684}.Release|Any CPU.ActiveCfg = Release|x86
		{0F9C8CF6-2DE8-4239-973D-6A1DD3998684}.Release|Any CPU.Build.0 = Release|x86
		{0F9C8CF6-2DE8-4239-973D-6A1DD3998684}.Release|Any CPU.Deploy.0 = Release|x86
		{0F9C8CF6-2DE8-4239-973D-6A1DD3998684}.Release|ARM.ActiveCfg = Release|ARM
		{0F9C8CF6-2DE8-4239-973D-6A1DD3998684}.Release|ARM.Build.0 = Release|ARM
		{0F9C8CF6-2DE8-4239-973D-6A1DD3998684}.Release|ARM.Deploy.0 = Release|ARM
		{0F9C8CF6-2DE8-4239-973D-6A1DD3998684}.Release|iPhone.ActiveCfg = Release|x86
		{0F9C8CF6-2DE8-4239-973D-6A1DD3998684}.Release|iPhone.Build.0 = Release|x86
		{0F9C8CF6-2DE8-4239-973D-6A1DD3998684}.Release|iPhone.Deploy.0 = Release|x86
		{0F9C8CF6-2DE8-4239-973D-6A1DD3998684}.Release|iPhoneSimulator.ActiveCfg = Release|x86
		{0F9C8CF6-2DE8-4239-973D-6A1DD3998684}.Release|iPhoneSimulator.Build.0 = Release|x86
		{0F9C8CF6-2DE8-4239-973D-6A1DD3998684}.Release|iPhoneSimulator.Deploy.0 = Release|x86
		{0F9C8CF6-2DE8-4239-973D-6A1DD3998684}.Release|x64.ActiveCfg = Release|x64
		{0F9C8CF6-2DE8-4239-973D-6A1DD3998684}.Release|x64.Build.0 = Release|x64
		{0F9C8CF6-2DE8-4239-973D-6A1DD3998684}.Release|x64.Deploy.0 = Release|x64
		{0F9C8CF6-2DE8-4239-973D-6A1DD3998684}.Release|x86.ActiveCfg = Release|x86
		{0F9C8CF6-2DE8-4239-973D-6A1DD3998684}.Release|x86.Build.0 = Release|x86
		{0F9C8CF6-2DE8-4239-973D-6A1DD3998684}.Release|x86.Deploy.0 = Release|x86
		{28CF0F22-2A7D-4638-91FE-AE14D6CBC089}.Debug|Any CPU.ActiveCfg = Debug|Any CPU
		{28CF0F22-2A7D-4638-91FE-AE14D6CBC089}.Debug|Any CPU.Build.0 = Debug|Any CPU
		{28CF0F22-2A7D-4638-91FE-AE14D6CBC089}.Debug|Any CPU.Deploy.0 = Debug|Any CPU
		{28CF0F22-2A7D-4638-91FE-AE14D6CBC089}.Debug|ARM.ActiveCfg = Debug|Any CPU
		{28CF0F22-2A7D-4638-91FE-AE14D6CBC089}.Debug|ARM.Build.0 = Debug|Any CPU
		{28CF0F22-2A7D-4638-91FE-AE14D6CBC089}.Debug|ARM.Deploy.0 = Debug|Any CPU
		{28CF0F22-2A7D-4638-91FE-AE14D6CBC089}.Debug|iPhone.ActiveCfg = Debug|Any CPU
		{28CF0F22-2A7D-4638-91FE-AE14D6CBC089}.Debug|iPhone.Build.0 = Debug|Any CPU
		{28CF0F22-2A7D-4638-91FE-AE14D6CBC089}.Debug|iPhone.Deploy.0 = Debug|Any CPU
		{28CF0F22-2A7D-4638-91FE-AE14D6CBC089}.Debug|iPhoneSimulator.ActiveCfg = Debug|Any CPU
		{28CF0F22-2A7D-4638-91FE-AE14D6CBC089}.Debug|iPhoneSimulator.Build.0 = Debug|Any CPU
		{28CF0F22-2A7D-4638-91FE-AE14D6CBC089}.Debug|iPhoneSimulator.Deploy.0 = Debug|Any CPU
		{28CF0F22-2A7D-4638-91FE-AE14D6CBC089}.Debug|x64.ActiveCfg = Debug|Any CPU
		{28CF0F22-2A7D-4638-91FE-AE14D6CBC089}.Debug|x64.Build.0 = Debug|Any CPU
		{28CF0F22-2A7D-4638-91FE-AE14D6CBC089}.Debug|x64.Deploy.0 = Debug|Any CPU
		{28CF0F22-2A7D-4638-91FE-AE14D6CBC089}.Debug|x86.ActiveCfg = Debug|Any CPU
		{28CF0F22-2A7D-4638-91FE-AE14D6CBC089}.Debug|x86.Build.0 = Debug|Any CPU
		{28CF0F22-2A7D-4638-91FE-AE14D6CBC089}.Debug|x86.Deploy.0 = Debug|Any CPU
		{28CF0F22-2A7D-4638-91FE-AE14D6CBC089}.Release|Any CPU.ActiveCfg = Release|Any CPU
		{28CF0F22-2A7D-4638-91FE-AE14D6CBC089}.Release|Any CPU.Build.0 = Release|Any CPU
		{28CF0F22-2A7D-4638-91FE-AE14D6CBC089}.Release|Any CPU.Deploy.0 = Release|Any CPU
		{28CF0F22-2A7D-4638-91FE-AE14D6CBC089}.Release|ARM.ActiveCfg = Release|Any CPU
		{28CF0F22-2A7D-4638-91FE-AE14D6CBC089}.Release|ARM.Build.0 = Release|Any CPU
		{28CF0F22-2A7D-4638-91FE-AE14D6CBC089}.Release|ARM.Deploy.0 = Release|Any CPU
		{28CF0F22-2A7D-4638-91FE-AE14D6CBC089}.Release|iPhone.ActiveCfg = Release|Any CPU
		{28CF0F22-2A7D-4638-91FE-AE14D6CBC089}.Release|iPhone.Build.0 = Release|Any CPU
		{28CF0F22-2A7D-4638-91FE-AE14D6CBC089}.Release|iPhone.Deploy.0 = Release|Any CPU
		{28CF0F22-2A7D-4638-91FE-AE14D6CBC089}.Release|iPhoneSimulator.ActiveCfg = Release|Any CPU
		{28CF0F22-2A7D-4638-91FE-AE14D6CBC089}.Release|iPhoneSimulator.Build.0 = Release|Any CPU
		{28CF0F22-2A7D-4638-91FE-AE14D6CBC089}.Release|iPhoneSimulator.Deploy.0 = Release|Any CPU
		{28CF0F22-2A7D-4638-91FE-AE14D6CBC089}.Release|x64.ActiveCfg = Release|Any CPU
		{28CF0F22-2A7D-4638-91FE-AE14D6CBC089}.Release|x64.Build.0 = Release|Any CPU
		{28CF0F22-2A7D-4638-91FE-AE14D6CBC089}.Release|x64.Deploy.0 = Release|Any CPU
		{28CF0F22-2A7D-4638-91FE-AE14D6CBC089}.Release|x86.ActiveCfg = Release|Any CPU
		{28CF0F22-2A7D-4638-91FE-AE14D6CBC089}.Release|x86.Build.0 = Release|Any CPU
		{28CF0F22-2A7D-4638-91FE-AE14D6CBC089}.Release|x86.Deploy.0 = Release|Any CPU
		{093D4C2E-BE7C-4B4A-A77C-EB3AE105D794}.Debug|Any CPU.ActiveCfg = Debug|iPhoneSimulator
		{093D4C2E-BE7C-4B4A-A77C-EB3AE105D794}.Debug|Any CPU.Build.0 = Debug|iPhoneSimulator
		{093D4C2E-BE7C-4B4A-A77C-EB3AE105D794}.Debug|Any CPU.Deploy.0 = Debug|iPhoneSimulator
		{093D4C2E-BE7C-4B4A-A77C-EB3AE105D794}.Debug|ARM.ActiveCfg = Debug|iPhone
		{093D4C2E-BE7C-4B4A-A77C-EB3AE105D794}.Debug|ARM.Build.0 = Debug|iPhone
		{093D4C2E-BE7C-4B4A-A77C-EB3AE105D794}.Debug|ARM.Deploy.0 = Debug|iPhone
		{093D4C2E-BE7C-4B4A-A77C-EB3AE105D794}.Debug|iPhone.ActiveCfg = Debug|iPhone
		{093D4C2E-BE7C-4B4A-A77C-EB3AE105D794}.Debug|iPhone.Build.0 = Debug|iPhone
		{093D4C2E-BE7C-4B4A-A77C-EB3AE105D794}.Debug|iPhone.Deploy.0 = Debug|iPhone
		{093D4C2E-BE7C-4B4A-A77C-EB3AE105D794}.Debug|iPhoneSimulator.ActiveCfg = Debug|iPhoneSimulator
		{093D4C2E-BE7C-4B4A-A77C-EB3AE105D794}.Debug|iPhoneSimulator.Build.0 = Debug|iPhoneSimulator
		{093D4C2E-BE7C-4B4A-A77C-EB3AE105D794}.Debug|iPhoneSimulator.Deploy.0 = Debug|iPhoneSimulator
		{093D4C2E-BE7C-4B4A-A77C-EB3AE105D794}.Debug|x64.ActiveCfg = Debug|iPhoneSimulator
		{093D4C2E-BE7C-4B4A-A77C-EB3AE105D794}.Debug|x64.Build.0 = Debug|iPhoneSimulator
		{093D4C2E-BE7C-4B4A-A77C-EB3AE105D794}.Debug|x64.Deploy.0 = Debug|iPhoneSimulator
		{093D4C2E-BE7C-4B4A-A77C-EB3AE105D794}.Debug|x86.ActiveCfg = Debug|iPhoneSimulator
		{093D4C2E-BE7C-4B4A-A77C-EB3AE105D794}.Debug|x86.Build.0 = Debug|iPhoneSimulator
		{093D4C2E-BE7C-4B4A-A77C-EB3AE105D794}.Debug|x86.Deploy.0 = Debug|iPhoneSimulator
		{093D4C2E-BE7C-4B4A-A77C-EB3AE105D794}.Release|Any CPU.ActiveCfg = Release|iPhoneSimulator
		{093D4C2E-BE7C-4B4A-A77C-EB3AE105D794}.Release|Any CPU.Build.0 = Release|iPhoneSimulator
		{093D4C2E-BE7C-4B4A-A77C-EB3AE105D794}.Release|Any CPU.Deploy.0 = Release|iPhoneSimulator
		{093D4C2E-BE7C-4B4A-A77C-EB3AE105D794}.Release|ARM.ActiveCfg = Release|iPhoneSimulator
		{093D4C2E-BE7C-4B4A-A77C-EB3AE105D794}.Release|ARM.Build.0 = Release|iPhoneSimulator
		{093D4C2E-BE7C-4B4A-A77C-EB3AE105D794}.Release|ARM.Deploy.0 = Release|iPhoneSimulator
		{093D4C2E-BE7C-4B4A-A77C-EB3AE105D794}.Release|iPhone.ActiveCfg = Release|iPhone
		{093D4C2E-BE7C-4B4A-A77C-EB3AE105D794}.Release|iPhone.Build.0 = Release|iPhone
		{093D4C2E-BE7C-4B4A-A77C-EB3AE105D794}.Release|iPhone.Deploy.0 = Release|iPhone
		{093D4C2E-BE7C-4B4A-A77C-EB3AE105D794}.Release|iPhoneSimulator.ActiveCfg = Release|iPhoneSimulator
		{093D4C2E-BE7C-4B4A-A77C-EB3AE105D794}.Release|iPhoneSimulator.Build.0 = Release|iPhoneSimulator
		{093D4C2E-BE7C-4B4A-A77C-EB3AE105D794}.Release|iPhoneSimulator.Deploy.0 = Release|iPhoneSimulator
		{093D4C2E-BE7C-4B4A-A77C-EB3AE105D794}.Release|x64.ActiveCfg = Release|iPhoneSimulator
		{093D4C2E-BE7C-4B4A-A77C-EB3AE105D794}.Release|x64.Build.0 = Release|iPhoneSimulator
		{093D4C2E-BE7C-4B4A-A77C-EB3AE105D794}.Release|x64.Deploy.0 = Release|iPhoneSimulator
		{093D4C2E-BE7C-4B4A-A77C-EB3AE105D794}.Release|x86.ActiveCfg = Release|iPhoneSimulator
		{093D4C2E-BE7C-4B4A-A77C-EB3AE105D794}.Release|x86.Build.0 = Release|iPhoneSimulator
		{093D4C2E-BE7C-4B4A-A77C-EB3AE105D794}.Release|x86.Deploy.0 = Release|iPhoneSimulator
		{BBA10CCB-6E33-441C-8221-08BB03AB1E33}.Debug|Any CPU.ActiveCfg = Debug|Any CPU
		{BBA10CCB-6E33-441C-8221-08BB03AB1E33}.Debug|Any CPU.Build.0 = Debug|Any CPU
		{BBA10CCB-6E33-441C-8221-08BB03AB1E33}.Debug|Any CPU.Deploy.0 = Debug|Any CPU
		{BBA10CCB-6E33-441C-8221-08BB03AB1E33}.Debug|ARM.ActiveCfg = Debug|Any CPU
		{BBA10CCB-6E33-441C-8221-08BB03AB1E33}.Debug|ARM.Build.0 = Debug|Any CPU
		{BBA10CCB-6E33-441C-8221-08BB03AB1E33}.Debug|ARM.Deploy.0 = Debug|Any CPU
		{BBA10CCB-6E33-441C-8221-08BB03AB1E33}.Debug|iPhone.ActiveCfg = Debug|Any CPU
		{BBA10CCB-6E33-441C-8221-08BB03AB1E33}.Debug|iPhone.Build.0 = Debug|Any CPU
		{BBA10CCB-6E33-441C-8221-08BB03AB1E33}.Debug|iPhone.Deploy.0 = Debug|Any CPU
		{BBA10CCB-6E33-441C-8221-08BB03AB1E33}.Debug|iPhoneSimulator.ActiveCfg = Debug|Any CPU
		{BBA10CCB-6E33-441C-8221-08BB03AB1E33}.Debug|iPhoneSimulator.Build.0 = Debug|Any CPU
		{BBA10CCB-6E33-441C-8221-08BB03AB1E33}.Debug|iPhoneSimulator.Deploy.0 = Debug|Any CPU
		{BBA10CCB-6E33-441C-8221-08BB03AB1E33}.Debug|x64.ActiveCfg = Debug|Any CPU
		{BBA10CCB-6E33-441C-8221-08BB03AB1E33}.Debug|x64.Build.0 = Debug|Any CPU
		{BBA10CCB-6E33-441C-8221-08BB03AB1E33}.Debug|x64.Deploy.0 = Debug|Any CPU
		{BBA10CCB-6E33-441C-8221-08BB03AB1E33}.Debug|x86.ActiveCfg = Debug|Any CPU
		{BBA10CCB-6E33-441C-8221-08BB03AB1E33}.Debug|x86.Build.0 = Debug|Any CPU
		{BBA10CCB-6E33-441C-8221-08BB03AB1E33}.Debug|x86.Deploy.0 = Debug|Any CPU
		{BBA10CCB-6E33-441C-8221-08BB03AB1E33}.Release|Any CPU.ActiveCfg = Release|Any CPU
		{BBA10CCB-6E33-441C-8221-08BB03AB1E33}.Release|Any CPU.Build.0 = Release|Any CPU
		{BBA10CCB-6E33-441C-8221-08BB03AB1E33}.Release|Any CPU.Deploy.0 = Release|Any CPU
		{BBA10CCB-6E33-441C-8221-08BB03AB1E33}.Release|ARM.ActiveCfg = Release|Any CPU
		{BBA10CCB-6E33-441C-8221-08BB03AB1E33}.Release|ARM.Build.0 = Release|Any CPU
		{BBA10CCB-6E33-441C-8221-08BB03AB1E33}.Release|ARM.Deploy.0 = Release|Any CPU
		{BBA10CCB-6E33-441C-8221-08BB03AB1E33}.Release|iPhone.ActiveCfg = Release|Any CPU
		{BBA10CCB-6E33-441C-8221-08BB03AB1E33}.Release|iPhone.Build.0 = Release|Any CPU
		{BBA10CCB-6E33-441C-8221-08BB03AB1E33}.Release|iPhone.Deploy.0 = Release|Any CPU
		{BBA10CCB-6E33-441C-8221-08BB03AB1E33}.Release|iPhoneSimulator.ActiveCfg = Release|Any CPU
		{BBA10CCB-6E33-441C-8221-08BB03AB1E33}.Release|iPhoneSimulator.Build.0 = Release|Any CPU
		{BBA10CCB-6E33-441C-8221-08BB03AB1E33}.Release|iPhoneSimulator.Deploy.0 = Release|Any CPU
		{BBA10CCB-6E33-441C-8221-08BB03AB1E33}.Release|x64.ActiveCfg = Release|Any CPU
		{BBA10CCB-6E33-441C-8221-08BB03AB1E33}.Release|x64.Build.0 = Release|Any CPU
		{BBA10CCB-6E33-441C-8221-08BB03AB1E33}.Release|x64.Deploy.0 = Release|Any CPU
		{BBA10CCB-6E33-441C-8221-08BB03AB1E33}.Release|x86.ActiveCfg = Release|Any CPU
		{BBA10CCB-6E33-441C-8221-08BB03AB1E33}.Release|x86.Build.0 = Release|Any CPU
		{BBA10CCB-6E33-441C-8221-08BB03AB1E33}.Release|x86.Deploy.0 = Release|Any CPU
	EndGlobalSection
	GlobalSection(SolutionProperties) = preSolution
		HideSolutionNode = FALSE
	EndGlobalSection
	GlobalSection(ExtensibilityGlobals) = postSolution
		SolutionGuid = {EA65671B-8DC2-4AA2-B85F-366FC78AC36C}
	EndGlobalSection
EndGlobal
